
Microsoft Visual Studio Solution File, Format Version 12.00
# Visual Studio 2012
Project("{D954291E-2A0B-460D-934E-DC6B0785DB48}") = "DemoForms140", "DemoForms140\DemoForms140.shproj", "{776B225F-1431-4BCF-867D-147263304BBC}"
EndProject
Project("{FAE04EC0-301F-11D3-BF4B-00C04F79EFBC}") = "DemoForms140.iOS", "iOS\DemoForms140.iOS.csproj", "{92680FF4-5C4A-47E6-9DBA-2D105A8BA500}"
EndProject
Project("{FAE04EC0-301F-11D3-BF4B-00C04F79EFBC}") = "DemoForms140.Droid", "Droid\DemoForms140.Droid.csproj", "{C9824834-8161-4FBC-9628-8E5C4663F632}"
EndProject
Global
	GlobalSection(SolutionConfigurationPlatforms) = preSolution
		Debug|iPhoneSimulator = Debug|iPhoneSimulator
		Release|iPhoneSimulator = Release|iPhoneSimulator
		Debug|iPhone = Debug|iPhone
		Release|iPhone = Release|iPhone
		Ad-Hoc|iPhone = Ad-Hoc|iPhone
		AppStore|iPhone = AppStore|iPhone
		Debug|Any CPU = Debug|Any CPU
		Release|Any CPU = Release|Any CPU
	EndGlobalSection
	GlobalSection(ProjectConfigurationPlatforms) = postSolution
		{92680FF4-5C4A-47E6-9DBA-2D105A8BA500}.Ad-Hoc|iPhone.ActiveCfg = Ad-Hoc|iPhone
		{92680FF4-5C4A-47E6-9DBA-2D105A8BA500}.Ad-Hoc|iPhone.Build.0 = Ad-Hoc|iPhone
		{92680FF4-5C4A-47E6-9DBA-2D105A8BA500}.AppStore|iPhone.ActiveCfg = AppStore|iPhone
		{92680FF4-5C4A-47E6-9DBA-2D105A8BA500}.AppStore|iPhone.Build.0 = AppStore|iPhone
		{92680FF4-5C4A-47E6-9DBA-2D105A8BA500}.Debug|Any CPU.ActiveCfg = Debug|iPhoneSimulator
		{92680FF4-5C4A-47E6-9DBA-2D105A8BA500}.Debug|Any CPU.Build.0 = Debug|iPhoneSimulator
		{92680FF4-5C4A-47E6-9DBA-2D105A8BA500}.Debug|iPhone.ActiveCfg = Debug|iPhone
		{92680FF4-5C4A-47E6-9DBA-2D105A8BA500}.Debug|iPhone.Build.0 = Debug|iPhone
		{92680FF4-5C4A-47E6-9DBA-2D105A8BA500}.Debug|iPhoneSimulator.ActiveCfg = Debug|iPhoneSimulator
		{92680FF4-5C4A-47E6-9DBA-2D105A8BA500}.Debug|iPhoneSimulator.Build.0 = Debug|iPhoneSimulator
		{92680FF4-5C4A-47E6-9DBA-2D105A8BA500}.Release|Any CPU.ActiveCfg = Release|iPhoneSimulator
		{92680FF4-5C4A-47E6-9DBA-2D105A8BA500}.Release|Any CPU.Build.0 = Release|iPhoneSimulator
		{92680FF4-5C4A-47E6-9DBA-2D105A8BA500}.Release|iPhone.ActiveCfg = Release|iPhone
		{92680FF4-5C4A-47E6-9DBA-2D105A8BA500}.Release|iPhone.Build.0 = Release|iPhone
		{92680FF4-5C4A-47E6-9DBA-2D105A8BA500}.Release|iPhoneSimulator.ActiveCfg = Release|iPhoneSimulator
		{92680FF4-5C4A-47E6-9DBA-2D105A8BA500}.Release|iPhoneSimulator.Build.0 = Release|iPhoneSimulator
		{C9824834-8161-4FBC-9628-8E5C4663F632}.Ad-Hoc|iPhone.ActiveCfg = Release|Any CPU
		{C9824834-8161-4FBC-9628-8E5C4663F632}.Ad-Hoc|iPhone.Build.0 = Release|Any CPU
		{C9824834-8161-4FBC-9628-8E5C4663F632}.AppStore|iPhone.ActiveCfg = Release|Any CPU
		{C9824834-8161-4FBC-9628-8E5C4663F632}.AppStore|iPhone.Build.0 = Release|Any CPU
		{C9824834-8161-4FBC-9628-8E5C4663F632}.Debug|Any CPU.ActiveCfg = Debug|Any CPU
		{C9824834-8161-4FBC-9628-8E5C4663F632}.Debug|Any CPU.Build.0 = Debug|Any CPU
		{C9824834-8161-4FBC-9628-8E5C4663F632}.Debug|iPhone.ActiveCfg = Debug|Any CPU
		{C9824834-8161-4FBC-9628-8E5C4663F632}.Debug|iPhone.Build.0 = Debug|Any CPU
		{C9824834-8161-4FBC-9628-8E5C4663F632}.Debug|iPhoneSimulator.ActiveCfg = Debug|Any CPU
		{C9824834-8161-4FBC-9628-8E5C4663F632}.Debug|iPhoneSimulator.Build.0 = Debug|Any CPU
		{C9824834-8161-4FBC-9628-8E5C4663F632}.Release|Any CPU.ActiveCfg = Release|Any CPU
		{C9824834-8161-4FBC-9628-8E5C4663F632}.Release|Any CPU.Build.0 = Release|Any CPU
		{C9824834-8161-4FBC-9628-8E5C4663F632}.Release|iPhone.ActiveCfg = Release|Any CPU
		{C9824834-8161-4FBC-9628-8E5C4663F632}.Release|iPhone.Build.0 = Release|Any CPU
		{C9824834-8161-4FBC-9628-8E5C4663F632}.Release|iPhoneSimulator.ActiveCfg = Release|Any CPU
		{C9824834-8161-4FBC-9628-8E5C4663F632}.Release|iPhoneSimulator.Build.0 = Release|Any CPU
	EndGlobalSection
EndGlobal
